
Microsoft Visual Studio Solution File, Format Version 12.00
# Visual Studio 15
VisualStudioVersion = 15.0.27004.2009
MinimumVisualStudioVersion = 10.0.40219.1
Project("{9A19103F-16F7-4668-BE54-9A1E7A4F7556}") = "WebSocketApi", "WebSocket\WebSocketApi.csproj", "{4383C424-A53E-4CBE-9C3D-66624DB12DD8}"
EndProject
Project("{FAE04EC0-301F-11D3-BF4B-00C04F79EFBC}") = "Shared", "Shared\Shared.csproj", "{61607E44-9C20-4338-ACFB-08C05AF93029}"
EndProject
Project("{FAE04EC0-301F-11D3-BF4B-00C04F79EFBC}") = "BusinessLogic", "BusinessLogic\BusinessLogic.csproj", "{3798593C-3DC0-45A6-B278-102948FCF348}"
EndProject
Project("{FAE04EC0-301F-11D3-BF4B-00C04F79EFBC}") = "Storage", "Storage\Storage.csproj", "{64E89D46-A33B-47D7-BF87-B0F7E2D6BCAE}"
EndProject
Project("{FAE04EC0-301F-11D3-BF4B-00C04F79EFBC}") = "Utils", "Utils\Utils.csproj", "{886902CA-5F3B-4C1B-BD37-45E72435AA28}"
EndProject
Global
	GlobalSection(SolutionConfigurationPlatforms) = preSolution
		Debug|Any CPU = Debug|Any CPU
		Release|Any CPU = Release|Any CPU
	EndGlobalSection
	GlobalSection(ProjectConfigurationPlatforms) = postSolution
		{4383C424-A53E-4CBE-9C3D-66624DB12DD8}.Debug|Any CPU.ActiveCfg = Debug|Any CPU
		{4383C424-A53E-4CBE-9C3D-66624DB12DD8}.Debug|Any CPU.Build.0 = Debug|Any CPU
		{4383C424-A53E-4CBE-9C3D-66624DB12DD8}.Release|Any CPU.ActiveCfg = Release|Any CPU
		{4383C424-A53E-4CBE-9C3D-66624DB12DD8}.Release|Any CPU.Build.0 = Release|Any CPU
		{61607E44-9C20-4338-ACFB-08C05AF93029}.Debug|Any CPU.ActiveCfg = Debug|Any CPU
		{61607E44-9C20-4338-ACFB-08C05AF93029}.Debug|Any CPU.Build.0 = Debug|Any CPU
		{61607E44-9C20-4338-ACFB-08C05AF93029}.Release|Any CPU.ActiveCfg = Release|Any CPU
		{61607E44-9C20-4338-ACFB-08C05AF93029}.Release|Any CPU.Build.0 = Release|Any CPU
		{3798593C-3DC0-45A6-B278-102948FCF348}.Debug|Any CPU.ActiveCfg = Debug|Any CPU
		{3798593C-3DC0-45A6-B278-102948FCF348}.Debug|Any CPU.Build.0 = Debug|Any CPU
		{3798593C-3DC0-45A6-B278-102948FCF348}.Release|Any CPU.ActiveCfg = Release|Any CPU
		{3798593C-3DC0-45A6-B278-102948FCF348}.Release|Any CPU.Build.0 = Release|Any CPU
		{64E89D46-A33B-47D7-BF87-B0F7E2D6BCAE}.Debug|Any CPU.ActiveCfg = Debug|Any CPU
		{64E89D46-A33B-47D7-BF87-B0F7E2D6BCAE}.Debug|Any CPU.Build.0 = Debug|Any CPU
		{64E89D46-A33B-47D7-BF87-B0F7E2D6BCAE}.Release|Any CPU.ActiveCfg = Release|Any CPU
		{64E89D46-A33B-47D7-BF87-B0F7E2D6BCAE}.Release|Any CPU.Build.0 = Release|Any CPU
		{886902CA-5F3B-4C1B-BD37-45E72435AA28}.Debug|Any CPU.ActiveCfg = Debug|Any CPU
		{886902CA-5F3B-4C1B-BD37-45E72435AA28}.Debug|Any CPU.Build.0 = Debug|Any CPU
		{886902CA-5F3B-4C1B-BD37-45E72435AA28}.Release|Any CPU.ActiveCfg = Release|Any CPU
		{886902CA-5F3B-4C1B-BD37-45E72435AA28}.Release|Any CPU.Build.0 = Release|Any CPU
	EndGlobalSection
	GlobalSection(SolutionProperties) = preSolution
		HideSolutionNode = FALSE
	EndGlobalSection
	GlobalSection(ExtensibilityGlobals) = postSolution
		SolutionGuid = {ED63CB61-8E20-4B02-A044-E8B1845CCA0F}
	EndGlobalSection
EndGlobal
