
Microsoft Visual Studio Solution File, Format Version 12.00
# Visual Studio 15
VisualStudioVersion = 15.0.27004.2009
MinimumVisualStudioVersion = 10.0.40219.1
Project("{FAE04EC0-301F-11D3-BF4B-00C04F79EFBC}") = "WebSocket", "WebSocket\WebSocket.csproj", "{4383C424-A53E-4CBE-9C3D-66624DB12DD8}"
EndProject
Global
	GlobalSection(SolutionConfigurationPlatforms) = preSolution
		Debug|Any CPU = Debug|Any CPU
		Release|Any CPU = Release|Any CPU
	EndGlobalSection
	GlobalSection(ProjectConfigurationPlatforms) = postSolution
		{4383C424-A53E-4CBE-9C3D-66624DB12DD8}.Debug|Any CPU.ActiveCfg = Debug|Any CPU
		{4383C424-A53E-4CBE-9C3D-66624DB12DD8}.Debug|Any CPU.Build.0 = Debug|Any CPU
		{4383C424-A53E-4CBE-9C3D-66624DB12DD8}.Release|Any CPU.ActiveCfg = Release|Any CPU
		{4383C424-A53E-4CBE-9C3D-66624DB12DD8}.Release|Any CPU.Build.0 = Release|Any CPU
	EndGlobalSection
	GlobalSection(SolutionProperties) = preSolution
		HideSolutionNode = FALSE
	EndGlobalSection
	GlobalSection(ExtensibilityGlobals) = postSolution
		SolutionGuid = {ED63CB61-8E20-4B02-A044-E8B1845CCA0F}
	EndGlobalSection
EndGlobal
